// !$*UTF8*$!
{
	archiveVersion = 1;
	classes = {
	};
	objectVersion = 46;
	objects = {

/* Begin PBXBuildFile section */
		4977A1691A46BC1400A31896 /* AppDelegate.swift in Sources */ = {isa = PBXBuildFile; fileRef = 4977A1681A46BC1400A31896 /* AppDelegate.swift */; };
		4977A16B1A46BC1400A31896 /* ChecklistViewController.swift in Sources */ = {isa = PBXBuildFile; fileRef = 4977A16A1A46BC1400A31896 /* ChecklistViewController.swift */; };
		4977A16E1A46BC1400A31896 /* Main.storyboard in Resources */ = {isa = PBXBuildFile; fileRef = 4977A16C1A46BC1400A31896 /* Main.storyboard */; };
		4977A1701A46BC1400A31896 /* Images.xcassets in Resources */ = {isa = PBXBuildFile; fileRef = 4977A16F1A46BC1400A31896 /* Images.xcassets */; };
		4977A1731A46BC1400A31896 /* LaunchScreen.xib in Resources */ = {isa = PBXBuildFile; fileRef = 4977A1711A46BC1400A31896 /* LaunchScreen.xib */; };
		4977A17F1A46BC1400A31896 /* ChecklistsTests.swift in Sources */ = {isa = PBXBuildFile; fileRef = 4977A17E1A46BC1400A31896 /* ChecklistsTests.swift */; };
		49DE3FDD1A4770BE0098ABE2 /* ChecklistItem.swift in Sources */ = {isa = PBXBuildFile; fileRef = 49DE3FDC1A4770BE0098ABE2 /* ChecklistItem.swift */; };
		49DE3FE11A478F160098ABE2 /* ItemDetailViewController.swift in Sources */ = {isa = PBXBuildFile; fileRef = 49DE3FE01A478F160098ABE2 /* ItemDetailViewController.swift */; };
/* End PBXBuildFile section */

/* Begin PBXContainerItemProxy section */
		4977A1791A46BC1400A31896 /* PBXContainerItemProxy */ = {
			isa = PBXContainerItemProxy;
			containerPortal = 4977A15B1A46BC1400A31896 /* Project object */;
			proxyType = 1;
			remoteGlobalIDString = 4977A1621A46BC1400A31896;
			remoteInfo = Checklists;
		};
/* End PBXContainerItemProxy section */

/* Begin PBXFileReference section */
		4977A1631A46BC1400A31896 /* Checklists.app */ = {isa = PBXFileReference; explicitFileType = wrapper.application; includeInIndex = 0; path = Checklists.app; sourceTree = BUILT_PRODUCTS_DIR; };
		4977A1671A46BC1400A31896 /* Info.plist */ = {isa = PBXFileReference; lastKnownFileType = text.plist.xml; path = Info.plist; sourceTree = "<group>"; };
		4977A1681A46BC1400A31896 /* AppDelegate.swift */ = {isa = PBXFileReference; lastKnownFileType = sourcecode.swift; path = AppDelegate.swift; sourceTree = "<group>"; };
		4977A16A1A46BC1400A31896 /* ChecklistViewController.swift */ = {isa = PBXFileReference; lastKnownFileType = sourcecode.swift; lineEnding = 0; path = ChecklistViewController.swift; sourceTree = "<group>"; xcLanguageSpecificationIdentifier = xcode.lang.swift; };
		4977A16D1A46BC1400A31896 /* Base */ = {isa = PBXFileReference; lastKnownFileType = file.storyboard; name = Base; path = Base.lproj/Main.storyboard; sourceTree = "<group>"; };
		4977A16F1A46BC1400A31896 /* Images.xcassets */ = {isa = PBXFileReference; lastKnownFileType = folder.assetcatalog; path = Images.xcassets; sourceTree = "<group>"; };
		4977A1721A46BC1400A31896 /* Base */ = {isa = PBXFileReference; lastKnownFileType = file.xib; name = Base; path = Base.lproj/LaunchScreen.xib; sourceTree = "<group>"; };
		4977A1781A46BC1400A31896 /* ChecklistsTests.xctest */ = {isa = PBXFileReference; explicitFileType = wrapper.cfbundle; includeInIndex = 0; path = ChecklistsTests.xctest; sourceTree = BUILT_PRODUCTS_DIR; };
		4977A17D1A46BC1400A31896 /* Info.plist */ = {isa = PBXFileReference; lastKnownFileType = text.plist.xml; path = Info.plist; sourceTree = "<group>"; };
		4977A17E1A46BC1400A31896 /* ChecklistsTests.swift */ = {isa = PBXFileReference; lastKnownFileType = sourcecode.swift; path = ChecklistsTests.swift; sourceTree = "<group>"; };
		49DE3FDC1A4770BE0098ABE2 /* ChecklistItem.swift */ = {isa = PBXFileReference; fileEncoding = 4; lastKnownFileType = sourcecode.swift; path = ChecklistItem.swift; sourceTree = "<group>"; };
		49DE3FE01A478F160098ABE2 /* ItemDetailViewController.swift */ = {isa = PBXFileReference; fileEncoding = 4; lastKnownFileType = sourcecode.swift; lineEnding = 0; path = ItemDetailViewController.swift; sourceTree = "<group>"; xcLanguageSpecificationIdentifier = xcode.lang.swift; };
/* End PBXFileReference section */

/* Begin PBXFrameworksBuildPhase section */
		4977A1601A46BC1400A31896 /* Frameworks */ = {
			isa = PBXFrameworksBuildPhase;
			buildActionMask = 2147483647;
			files = (
			);
			runOnlyForDeploymentPostprocessing = 0;
		};
		4977A1751A46BC1400A31896 /* Frameworks */ = {
			isa = PBXFrameworksBuildPhase;
			buildActionMask = 2147483647;
			files = (
			);
			runOnlyForDeploymentPostprocessing = 0;
		};
/* End PBXFrameworksBuildPhase section */

/* Begin PBXGroup section */
		4977A15A1A46BC1400A31896 = {
			isa = PBXGroup;
			children = (
				4977A1651A46BC1400A31896 /* Checklists */,
				4977A17B1A46BC1400A31896 /* ChecklistsTests */,
				4977A1641A46BC1400A31896 /* Products */,
			);
			sourceTree = "<group>";
		};
		4977A1641A46BC1400A31896 /* Products */ = {
			isa = PBXGroup;
			children = (
				4977A1631A46BC1400A31896 /* Checklists.app */,
				4977A1781A46BC1400A31896 /* ChecklistsTests.xctest */,
			);
			name = Products;
			sourceTree = "<group>";
		};
		4977A1651A46BC1400A31896 /* Checklists */ = {
			isa = PBXGroup;
			children = (
				4977A1681A46BC1400A31896 /* AppDelegate.swift */,
				4977A16A1A46BC1400A31896 /* ChecklistViewController.swift */,
				49DE3FE01A478F160098ABE2 /* ItemDetailViewController.swift */,
				4977A16C1A46BC1400A31896 /* Main.storyboard */,
				4977A16F1A46BC1400A31896 /* Images.xcassets */,
				4977A1711A46BC1400A31896 /* LaunchScreen.xib */,
				4977A1661A46BC1400A31896 /* Supporting Files */,
				49DE3FDC1A4770BE0098ABE2 /* ChecklistItem.swift */,
			);
			path = Checklists;
			sourceTree = "<group>";
		};
		4977A1661A46BC1400A31896 /* Supporting Files */ = {
			isa = PBXGroup;
			children = (
				4977A1671A46BC1400A31896 /* Info.plist */,
			);
			name = "Supporting Files";
			sourceTree = "<group>";
		};
		4977A17B1A46BC1400A31896 /* ChecklistsTests */ = {
			isa = PBXGroup;
			children = (
				4977A17E1A46BC1400A31896 /* ChecklistsTests.swift */,
				4977A17C1A46BC1400A31896 /* Supporting Files */,
			);
			path = ChecklistsTests;
			sourceTree = "<group>";
		};
		4977A17C1A46BC1400A31896 /* Supporting Files */ = {
			isa = PBXGroup;
			children = (
				4977A17D1A46BC1400A31896 /* Info.plist */,
			);
			name = "Supporting Files";
			sourceTree = "<group>";
		};
/* End PBXGroup section */

/* Begin PBXNativeTarget section */
		4977A1621A46BC1400A31896 /* Checklists */ = {
			isa = PBXNativeTarget;
			buildConfigurationList = 4977A1821A46BC1400A31896 /* Build configuration list for PBXNativeTarget "Checklists" */;
			buildPhases = (
				4977A15F1A46BC1400A31896 /* Sources */,
				4977A1601A46BC1400A31896 /* Frameworks */,
				4977A1611A46BC1400A31896 /* Resources */,
			);
			buildRules = (
			);
			dependencies = (
			);
			name = Checklists;
			productName = Checklists;
			productReference = 4977A1631A46BC1400A31896 /* Checklists.app */;
			productType = "com.apple.product-type.application";
		};
		4977A1771A46BC1400A31896 /* ChecklistsTests */ = {
			isa = PBXNativeTarget;
			buildConfigurationList = 4977A1851A46BC1400A31896 /* Build configuration list for PBXNativeTarget "ChecklistsTests" */;
			buildPhases = (
				4977A1741A46BC1400A31896 /* Sources */,
				4977A1751A46BC1400A31896 /* Frameworks */,
				4977A1761A46BC1400A31896 /* Resources */,
			);
			buildRules = (
			);
			dependencies = (
				4977A17A1A46BC1400A31896 /* PBXTargetDependency */,
			);
			name = ChecklistsTests;
			productName = ChecklistsTests;
			productReference = 4977A1781A46BC1400A31896 /* ChecklistsTests.xctest */;
			productType = "com.apple.product-type.bundle.unit-test";
		};
/* End PBXNativeTarget section */

/* Begin PBXProject section */
		4977A15B1A46BC1400A31896 /* Project object */ = {
			isa = PBXProject;
			attributes = {
				LastUpgradeCheck = 0610;
				ORGANIZATIONNAME = "Andrew Liu";
				TargetAttributes = {
					4977A1621A46BC1400A31896 = {
						CreatedOnToolsVersion = 6.1.1;
					};
					4977A1771A46BC1400A31896 = {
						CreatedOnToolsVersion = 6.1.1;
						TestTargetID = 4977A1621A46BC1400A31896;
					};
				};
			};
			buildConfigurationList = 4977A15E1A46BC1400A31896 /* Build configuration list for PBXProject "Checklists" */;
			compatibilityVersion = "Xcode 3.2";
			developmentRegion = English;
			hasScannedForEncodings = 0;
			knownRegions = (
				en,
				Base,
			);
			mainGroup = 4977A15A1A46BC1400A31896;
			productRefGroup = 4977A1641A46BC1400A31896 /* Products */;
			projectDirPath = "";
			projectRoot = "";
			targets = (
				4977A1621A46BC1400A31896 /* Checklists */,
				4977A1771A46BC1400A31896 /* ChecklistsTests */,
			);
		};
/* End PBXProject section */

/* Begin PBXResourcesBuildPhase section */
		4977A1611A46BC1400A31896 /* Resources */ = {
			isa = PBXResourcesBuildPhase;
			buildActionMask = 2147483647;
			files = (
				4977A16E1A46BC1400A31896 /* Main.storyboard in Resources */,
				4977A1731A46BC1400A31896 /* LaunchScreen.xib in Resources */,
				4977A1701A46BC1400A31896 /* Images.xcassets in Resources */,
			);
			runOnlyForDeploymentPostprocessing = 0;
		};
		4977A1761A46BC1400A31896 /* Resources */ = {
			isa = PBXResourcesBuildPhase;
			buildActionMask = 2147483647;
			files = (
			);
			runOnlyForDeploymentPostprocessing = 0;
		};
/* End PBXResourcesBuildPhase section */

/* Begin PBXSourcesBuildPhase section */
		4977A15F1A46BC1400A31896 /* Sources */ = {
			isa = PBXSourcesBuildPhase;
			buildActionMask = 2147483647;
			files = (
				4977A16B1A46BC1400A31896 /* ChecklistViewController.swift in Sources */,
				49DE3FE11A478F160098ABE2 /* ItemDetailViewController.swift in Sources */,
				49DE3FDD1A4770BE0098ABE2 /* ChecklistItem.swift in Sources */,
				4977A1691A46BC1400A31896 /* AppDelegate.swift in Sources */,
			);
			runOnlyForDeploymentPostprocessing = 0;
		};
		4977A1741A46BC1400A31896 /* Sources */ = {
			isa = PBXSourcesBuildPhase;
			buildActionMask = 2147483647;
			files = (
				4977A17F1A46BC1400A31896 /* ChecklistsTests.swift in Sources */,
			);
			runOnlyForDeploymentPostprocessing = 0;
		};
/* End PBXSourcesBuildPhase section */

/* Begin PBXTargetDependency section */
		4977A17A1A46BC1400A31896 /* PBXTargetDependency */ = {
			isa = PBXTargetDependency;
			target = 4977A1621A46BC1400A31896 /* Checklists */;
			targetProxy = 4977A1791A46BC1400A31896 /* PBXContainerItemProxy */;
		};
/* End PBXTargetDependency section */

/* Begin PBXVariantGroup section */
		4977A16C1A46BC1400A31896 /* Main.storyboard */ = {
			isa = PBXVariantGroup;
			children = (
				4977A16D1A46BC1400A31896 /* Base */,
			);
			name = Main.storyboard;
			sourceTree = "<group>";
		};
		4977A1711A46BC1400A31896 /* LaunchScreen.xib */ = {
			isa = PBXVariantGroup;
			children = (
				4977A1721A46BC1400A31896 /* Base */,
			);
			name = LaunchScreen.xib;
			sourceTree = "<group>";
		};
/* End PBXVariantGroup section */

/* Begin XCBuildConfiguration section */
		4977A1801A46BC1400A31896 /* Debug */ = {
			isa = XCBuildConfiguration;
			buildSettings = {
				ALWAYS_SEARCH_USER_PATHS = NO;
				CLANG_CXX_LANGUAGE_STANDARD = "gnu++0x";
				CLANG_CXX_LIBRARY = "libc++";
				CLANG_ENABLE_MODULES = YES;
				CLANG_ENABLE_OBJC_ARC = YES;
				CLANG_WARN_BOOL_CONVERSION = YES;
				CLANG_WARN_CONSTANT_CONVERSION = YES;
				CLANG_WARN_DIRECT_OBJC_ISA_USAGE = YES_ERROR;
				CLANG_WARN_EMPTY_BODY = YES;
				CLANG_WARN_ENUM_CONVERSION = YES;
				CLANG_WARN_INT_CONVERSION = YES;
				CLANG_WARN_OBJC_ROOT_CLASS = YES_ERROR;
				CLANG_WARN_UNREACHABLE_CODE = YES;
				CLANG_WARN__DUPLICATE_METHOD_MATCH = YES;
				"CODE_SIGN_IDENTITY[sdk=iphoneos*]" = "iPhone Developer";
				COPY_PHASE_STRIP = NO;
				ENABLE_STRICT_OBJC_MSGSEND = YES;
				GCC_C_LANGUAGE_STANDARD = gnu99;
				GCC_DYNAMIC_NO_PIC = NO;
				GCC_OPTIMIZATION_LEVEL = 0;
				GCC_PREPROCESSOR_DEFINITIONS = (
					"DEBUG=1",
					"$(inherited)",
				);
				GCC_SYMBOLS_PRIVATE_EXTERN = NO;
				GCC_WARN_64_TO_32_BIT_CONVERSION = YES;
				GCC_WARN_ABOUT_RETURN_TYPE = YES_ERROR;
				GCC_WARN_UNDECLARED_SELECTOR = YES;
				GCC_WARN_UNINITIALIZED_AUTOS = YES_AGGRESSIVE;
				GCC_WARN_UNUSED_FUNCTION = YES;
				GCC_WARN_UNUSED_VARIABLE = YES;
				IPHONEOS_DEPLOYMENT_TARGET = 8.1;
				MTL_ENABLE_DEBUG_INFO = YES;
				ONLY_ACTIVE_ARCH = YES;
				SDKROOT = iphoneos;
				SWIFT_OPTIMIZATION_LEVEL = "-Onone";
			};
			name = Debug;
		};
		4977A1811A46BC1400A31896 /* Release */ = {
			isa = XCBuildConfiguration;
			buildSettings = {
				ALWAYS_SEARCH_USER_PATHS = NO;
				CLANG_CXX_LANGUAGE_STANDARD = "gnu++0x";
				CLANG_CXX_LIBRARY = "libc++";
				CLANG_ENABLE_MODULES = YES;
				CLANG_ENABLE_OBJC_ARC = YES;
				CLANG_WARN_BOOL_CONVERSION = YES;
				CLANG_WARN_CONSTANT_CONVERSION = YES;
				CLANG_WARN_DIRECT_OBJC_ISA_USAGE = YES_ERROR;
				CLANG_WARN_EMPTY_BODY = YES;
				CLANG_WARN_ENUM_CONVERSION = YES;
				CLANG_WARN_INT_CONVERSION = YES;
				CLANG_WARN_OBJC_ROOT_CLASS = YES_ERROR;
				CLANG_WARN_UNREACHABLE_CODE = YES;
				CLANG_WARN__DUPLICATE_METHOD_MATCH = YES;
				"CODE_SIGN_IDENTITY[sdk=iphoneos*]" = "iPhone Developer";
				COPY_PHASE_STRIP = YES;
				ENABLE_NS_ASSERTIONS = NO;
				ENABLE_STRICT_OBJC_MSGSEND = YES;
				GCC_C_LANGUAGE_STANDARD = gnu99;
				GCC_WARN_64_TO_32_BIT_CONVERSION = YES;
				GCC_WARN_ABOUT_RETURN_TYPE = YES_ERROR;
				GCC_WARN_UNDECLARED_SELECTOR = YES;
				GCC_WARN_UNINITIALIZED_AUTOS = YES_AGGRESSIVE;
				GCC_WARN_UNUSED_FUNCTION = YES;
				GCC_WARN_UNUSED_VARIABLE = YES;
				IPHONEOS_DEPLOYMENT_TARGET = 8.1;
				MTL_ENABLE_DEBUG_INFO = NO;
				SDKROOT = iphoneos;
				VALIDATE_PRODUCT = YES;
			};
			name = Release;
		};
		4977A1831A46BC1400A31896 /* Debug */ = {
			isa = XCBuildConfiguration;
			buildSettings = {
				ASSETCATALOG_COMPILER_APPICON_NAME = AppIcon;
				INFOPLIST_FILE = Checklists/Info.plist;
				LD_RUNPATH_SEARCH_PATHS = "$(inherited) @executable_path/Frameworks";
				PRODUCT_NAME = "$(TARGET_NAME)";
			};
			name = Debug;
		};
		4977A1841A46BC1400A31896 /* Release */ = {
			isa = XCBuildConfiguration;
			buildSettings = {
				ASSETCATALOG_COMPILER_APPICON_NAME = AppIcon;
				INFOPLIST_FILE = Checklists/Info.plist;
				LD_RUNPATH_SEARCH_PATHS = "$(inherited) @executable_path/Frameworks";
				PRODUCT_NAME = "$(TARGET_NAME)";
			};
			name = Release;
		};
		4977A1861A46BC1400A31896 /* Debug */ = {
			isa = XCBuildConfiguration;
			buildSettings = {
				BUNDLE_LOADER = "$(TEST_HOST)";
				FRAMEWORK_SEARCH_PATHS = (
					"$(SDKROOT)/Developer/Library/Frameworks",
					"$(inherited)",
				);
				GCC_PREPROCESSOR_DEFINITIONS = (
					"DEBUG=1",
					"$(inherited)",
				);
				INFOPLIST_FILE = ChecklistsTests/Info.plist;
				LD_RUNPATH_SEARCH_PATHS = "$(inherited) @executable_path/Frameworks @loader_path/Frameworks";
				PRODUCT_NAME = "$(TARGET_NAME)";
				TEST_HOST = "$(BUILT_PRODUCTS_DIR)/Checklists.app/Checklists";
			};
			name = Debug;
		};
		4977A1871A46BC1400A31896 /* Release */ = {
			isa = XCBuildConfiguration;
			buildSettings = {
				BUNDLE_LOADER = "$(TEST_HOST)";
				FRAMEWORK_SEARCH_PATHS = (
					"$(SDKROOT)/Developer/Library/Frameworks",
					"$(inherited)",
				);
				INFOPLIST_FILE = ChecklistsTests/Info.plist;
				LD_RUNPATH_SEARCH_PATHS = "$(inherited) @executable_path/Frameworks @loader_path/Frameworks";
				PRODUCT_NAME = "$(TARGET_NAME)";
				TEST_HOST = "$(BUILT_PRODUCTS_DIR)/Checklists.app/Checklists";
			};
			name = Release;
		};
/* End XCBuildConfiguration section */

/* Begin XCConfigurationList section */
		4977A15E1A46BC1400A31896 /* Build configuration list for PBXProject "Checklists" */ = {
			isa = XCConfigurationList;
			buildConfigurations = (
				4977A1801A46BC1400A31896 /* Debug */,
				4977A1811A46BC1400A31896 /* Release */,
			);
			defaultConfigurationIsVisible = 0;
			defaultConfigurationName = Release;
		};
		4977A1821A46BC1400A31896 /* Build configuration list for PBXNativeTarget "Checklists" */ = {
			isa = XCConfigurationList;
			buildConfigurations = (
				4977A1831A46BC1400A31896 /* Debug */,
				4977A1841A46BC1400A31896 /* Release */,
			);
			defaultConfigurationIsVisible = 0;
			defaultConfigurationName = Release;
		};
		4977A1851A46BC1400A31896 /* Build configuration list for PBXNativeTarget "ChecklistsTests" */ = {
			isa = XCConfigurationList;
			buildConfigurations = (
				4977A1861A46BC1400A31896 /* Debug */,
				4977A1871A46BC1400A31896 /* Release */,
			);
			defaultConfigurationIsVisible = 0;
			defaultConfigurationName = Release;
		};
/* End XCConfigurationList section */
	};
	rootObject = 4977A15B1A46BC1400A31896 /* Project object */;
}
